
Microsoft Visual Studio Solution File, Format Version 12.00
# Visual Studio 15
VisualStudioVersion = 15.0.28010.2016
MinimumVisualStudioVersion = 10.0.40219.1
Project("{FAE04EC0-301F-11D3-BF4B-00C04F79EFBC}") = "ControlFlow", "ControlFlow\ControlFlow.csproj", "{2AB78C9D-D073-4CA7-9E60-3A9319A2FBB4}"
EndProject
Global
	GlobalSection(SolutionConfigurationPlatforms) = preSolution
		Debug|Any CPU = Debug|Any CPU
		Release|Any CPU = Release|Any CPU
	EndGlobalSection
	GlobalSection(ProjectConfigurationPlatforms) = postSolution
		{2AB78C9D-D073-4CA7-9E60-3A9319A2FBB4}.Debug|Any CPU.ActiveCfg = Debug|Any CPU
		{2AB78C9D-D073-4CA7-9E60-3A9319A2FBB4}.Debug|Any CPU.Build.0 = Debug|Any CPU
		{2AB78C9D-D073-4CA7-9E60-3A9319A2FBB4}.Release|Any CPU.ActiveCfg = Release|Any CPU
		{2AB78C9D-D073-4CA7-9E60-3A9319A2FBB4}.Release|Any CPU.Build.0 = Release|Any CPU
	EndGlobalSection
	GlobalSection(SolutionProperties) = preSolution
		HideSolutionNode = FALSE
	EndGlobalSection
	GlobalSection(ExtensibilityGlobals) = postSolution
		SolutionGuid = {8DA4AFF5-760B-46D4-9564-90BC06499349}
	EndGlobalSection
EndGlobal
